
Microsoft Visual Studio Solution File, Format Version 12.00
# Visual Studio Version 17
VisualStudioVersion = 17.10.35013.160
MinimumVisualStudioVersion = 10.0.40219.1
Project("{9A19103F-16F7-4668-BE54-9A1E7A4F7556}") = "Inventary-for-home-Desk-ver.C", "Inventary-for-home-Desk-ver.C\Inventary-for-home-Desk-ver.C.csproj", "{9C0FAE66-E4AF-4888-888B-D0E680D22448}"
EndProject
Project("{54435603-DBB4-11D2-8724-00A0C9A8B90C}") = "Setup5", "Setup5\Setup5.vdproj", "{1265FC9F-1D00-4D15-A131-1AC0EE0A0A33}"
EndProject
Global
	GlobalSection(SolutionConfigurationPlatforms) = preSolution
		Debug|Any CPU = Debug|Any CPU
		Debug|ARM = Debug|ARM
		Debug|ARM64 = Debug|ARM64
		Debug|x64 = Debug|x64
		Debug|x86 = Debug|x86
		Release|Any CPU = Release|Any CPU
		Release|ARM = Release|ARM
		Release|ARM64 = Release|ARM64
		Release|x64 = Release|x64
		Release|x86 = Release|x86
	EndGlobalSection
	GlobalSection(ProjectConfigurationPlatforms) = postSolution
		{9C0FAE66-E4AF-4888-888B-D0E680D22448}.Debug|Any CPU.ActiveCfg = Debug|Any CPU
		{9C0FAE66-E4AF-4888-888B-D0E680D22448}.Debug|Any CPU.Build.0 = Debug|Any CPU
		{9C0FAE66-E4AF-4888-888B-D0E680D22448}.Debug|ARM.ActiveCfg = Debug|Any CPU
		{9C0FAE66-E4AF-4888-888B-D0E680D22448}.Debug|ARM.Build.0 = Debug|Any CPU
		{9C0FAE66-E4AF-4888-888B-D0E680D22448}.Debug|ARM64.ActiveCfg = Debug|Any CPU
		{9C0FAE66-E4AF-4888-888B-D0E680D22448}.Debug|ARM64.Build.0 = Debug|Any CPU
		{9C0FAE66-E4AF-4888-888B-D0E680D22448}.Debug|x64.ActiveCfg = Debug|Any CPU
		{9C0FAE66-E4AF-4888-888B-D0E680D22448}.Debug|x64.Build.0 = Debug|Any CPU
		{9C0FAE66-E4AF-4888-888B-D0E680D22448}.Debug|x86.ActiveCfg = Debug|Any CPU
		{9C0FAE66-E4AF-4888-888B-D0E680D22448}.Debug|x86.Build.0 = Debug|Any CPU
		{9C0FAE66-E4AF-4888-888B-D0E680D22448}.Release|Any CPU.ActiveCfg = Release|Any CPU
		{9C0FAE66-E4AF-4888-888B-D0E680D22448}.Release|Any CPU.Build.0 = Release|Any CPU
		{9C0FAE66-E4AF-4888-888B-D0E680D22448}.Release|ARM.ActiveCfg = Release|Any CPU
		{9C0FAE66-E4AF-4888-888B-D0E680D22448}.Release|ARM.Build.0 = Release|Any CPU
		{9C0FAE66-E4AF-4888-888B-D0E680D22448}.Release|ARM64.ActiveCfg = Release|Any CPU
		{9C0FAE66-E4AF-4888-888B-D0E680D22448}.Release|ARM64.Build.0 = Release|Any CPU
		{9C0FAE66-E4AF-4888-888B-D0E680D22448}.Release|x64.ActiveCfg = Release|Any CPU
		{9C0FAE66-E4AF-4888-888B-D0E680D22448}.Release|x64.Build.0 = Release|Any CPU
		{9C0FAE66-E4AF-4888-888B-D0E680D22448}.Release|x86.ActiveCfg = Release|Any CPU
		{9C0FAE66-E4AF-4888-888B-D0E680D22448}.Release|x86.Build.0 = Release|Any CPU
		{1265FC9F-1D00-4D15-A131-1AC0EE0A0A33}.Debug|Any CPU.ActiveCfg = Debug
		{1265FC9F-1D00-4D15-A131-1AC0EE0A0A33}.Debug|ARM.ActiveCfg = Debug
		{1265FC9F-1D00-4D15-A131-1AC0EE0A0A33}.Debug|ARM64.ActiveCfg = Debug
		{1265FC9F-1D00-4D15-A131-1AC0EE0A0A33}.Debug|x64.ActiveCfg = Debug
		{1265FC9F-1D00-4D15-A131-1AC0EE0A0A33}.Debug|x86.ActiveCfg = Debug
		{1265FC9F-1D00-4D15-A131-1AC0EE0A0A33}.Release|Any CPU.ActiveCfg = Release
		{1265FC9F-1D00-4D15-A131-1AC0EE0A0A33}.Release|ARM.ActiveCfg = Release
		{1265FC9F-1D00-4D15-A131-1AC0EE0A0A33}.Release|ARM64.ActiveCfg = Release
		{1265FC9F-1D00-4D15-A131-1AC0EE0A0A33}.Release|x64.ActiveCfg = Release
		{1265FC9F-1D00-4D15-A131-1AC0EE0A0A33}.Release|x86.ActiveCfg = Release
	EndGlobalSection
	GlobalSection(SolutionProperties) = preSolution
		HideSolutionNode = FALSE
	EndGlobalSection
	GlobalSection(ExtensibilityGlobals) = postSolution
		SolutionGuid = {884158A9-67D6-4333-80CD-F24D77D3F5CF}
	EndGlobalSection
EndGlobal
